
Microsoft Visual Studio Solution File, Format Version 10.00
# Visual Studio 2008
Project("{FAE04EC0-301F-11D3-BF4B-00C04F79EFBC}") = "Shimanni.Trader.Common", "Shimanni.Trader.Common\Shimanni.Trader.Common.csproj", "{B0AEAB93-29E1-4858-BBE4-47E5105DA3C6}"
EndProject
Project("{FAE04EC0-301F-11D3-BF4B-00C04F79EFBC}") = "Shimanni.Trader.DataStructure", "Shimanni.Trader.DataStructure\Shimanni.Trader.DataStructure.csproj", "{90331311-9342-4343-9453-40E80A5296F4}"
EndProject
Project("{2150E333-8FDC-42A3-9474-1A3956D46DE8}") = "Shimanni", "Shimanni", "{AF311287-3160-4422-8580-B996FA6DA44E}"
EndProject
Project("{2150E333-8FDC-42A3-9474-1A3956D46DE8}") = "Common", "Common", "{D8DD1951-010A-4193-ABD9-0412B51BDAEA}"
EndProject
Project("{2150E333-8FDC-42A3-9474-1A3956D46DE8}") = "Trader", "Trader", "{426EA0E7-24A2-4A8D-A808-6DC6AB8DAED9}"
EndProject
Project("{2150E333-8FDC-42A3-9474-1A3956D46DE8}") = "3rd Party", "3rd Party", "{516424E6-31F7-4361-8CA4-CF7F3395675E}"
EndProject
Project("{2150E333-8FDC-42A3-9474-1A3956D46DE8}") = "KRS", "KRS", "{DC34E2F2-DE61-46A8-AEDA-102FD47C0DF9}"
EndProject
Project("{FAE04EC0-301F-11D3-BF4B-00C04F79EFBC}") = "Krs.Ats.IBNet", "..\..\3rd Party\KRS\Krs.Ats.IBNet\Krs.Ats.IBNet.csproj", "{98672E16-97B1-4204-86CC-EA0009CA15F4}"
EndProject
Project("{FAE04EC0-301F-11D3-BF4B-00C04F79EFBC}") = "Shimanni.Common", "..\Common\Shimanni.Common\Shimanni.Common.csproj", "{9BF83B16-1ADE-40FC-8A55-DCFA0FB4D790}"
EndProject
Project("{FAE04EC0-301F-11D3-BF4B-00C04F79EFBC}") = "Shimanni.Common.Utils", "..\Common\Shimanni.Common.Utils\Shimanni.Common.Utils.csproj", "{0CB2E9B6-E811-499C-840C-AE582E8F714D}"
EndProject
Project("{FAE04EC0-301F-11D3-BF4B-00C04F79EFBC}") = "Shimanni.Trader.BL", "Shimanni.Trader.BL\Shimanni.Trader.BL.csproj", "{EC058EF7-C3FB-49FD-BD9C-CC6AEA1FED3A}"
EndProject
Project("{FAE04EC0-301F-11D3-BF4B-00C04F79EFBC}") = "Shimanni.Trader.Starter", "Shimanni.Trader.Starter\Shimanni.Trader.Starter.csproj", "{DF94E6FC-D00D-4D01-8DDD-3609A9FEC5A6}"
EndProject
Project("{FAE04EC0-301F-11D3-BF4B-00C04F79EFBC}") = "Shimanni.Trader.UI", "Shimanni.Trader.UI\Shimanni.Trader.UI.csproj", "{CCEC5704-A361-45DC-A51F-FAF3839E5238}"
EndProject
Project("{FAE04EC0-301F-11D3-BF4B-00C04F79EFBC}") = "Shimanni.Trader.Core", "Shimanni.Trader.Core\Shimanni.Trader.Core.csproj", "{E41657E1-753A-4A44-86E7-210E36AA9D34}"
EndProject
Project("{FAE04EC0-301F-11D3-BF4B-00C04F79EFBC}") = "Shimanni.Common.Desktop", "..\Common\Shimanni.Common.Desktop\Shimanni.Common.Desktop.csproj", "{E8E5727C-4A8B-4359-858B-AA0AF2FCBB06}"
EndProject
Global
	GlobalSection(TeamFoundationVersionControl) = preSolution
		SccNumberOfProjects = 11
		SccEnterpriseProvider = {4CA58AB2-18FA-4F8D-95D4-32DDF27D184C}
		SccTeamFoundationServer = http://74.63.34.26:8080/
		SccLocalPath0 = .
		SccProjectUniqueName1 = Shimanni.Trader.Common\\Shimanni.Trader.Common.csproj
		SccProjectTopLevelParentUniqueName1 = Trader.sln
		SccProjectName1 = Shimanni.Trader.Common
		SccLocalPath1 = Shimanni.Trader.Common
		SccProjectUniqueName2 = Shimanni.Trader.DataStructure\\Shimanni.Trader.DataStructure.csproj
		SccProjectTopLevelParentUniqueName2 = Trader.sln
		SccProjectName2 = Shimanni.Trader.DataStructure
		SccLocalPath2 = Shimanni.Trader.DataStructure
		SccProjectUniqueName3 = ..\\..\\3rd\u0020Party\\KRS\\Krs.Ats.IBNet\\Krs.Ats.IBNet.csproj
		SccProjectTopLevelParentUniqueName3 = Trader.sln
		SccProjectName3 = ../../3rd\u0020Party/KRS/Krs.Ats.IBNet
		SccLocalPath3 = ..\\..\\3rd\u0020Party\\KRS\\Krs.Ats.IBNet
		SccProjectUniqueName4 = ..\\Common\\Shimanni.Common\\Shimanni.Common.csproj
		SccProjectTopLevelParentUniqueName4 = Trader.sln
		SccProjectName4 = ../Common/Shimanni.Common
		SccLocalPath4 = ..\\Common\\Shimanni.Common
		SccProjectUniqueName5 = ..\\Common\\Shimanni.Common.Utils\\Shimanni.Common.Utils.csproj
		SccProjectTopLevelParentUniqueName5 = Trader.sln
		SccProjectName5 = ../Common/Shimanni.Common.Utils
		SccLocalPath5 = ..\\Common\\Shimanni.Common.Utils
		SccProjectUniqueName6 = Shimanni.Trader.BL\\Shimanni.Trader.BL.csproj
		SccProjectTopLevelParentUniqueName6 = Trader.sln
		SccProjectName6 = Shimanni.Trader.BL
		SccLocalPath6 = Shimanni.Trader.BL
		SccProjectUniqueName7 = Shimanni.Trader.Starter\\Shimanni.Trader.Starter.csproj
		SccProjectTopLevelParentUniqueName7 = Trader.sln
		SccProjectName7 = Shimanni.Trader.Starter
		SccLocalPath7 = Shimanni.Trader.Starter
		SccProjectUniqueName8 = Shimanni.Trader.UI\\Shimanni.Trader.UI.csproj
		SccProjectTopLevelParentUniqueName8 = Trader.sln
		SccProjectName8 = Shimanni.Trader.UI
		SccLocalPath8 = Shimanni.Trader.UI
		SccProjectUniqueName9 = Shimanni.Trader.Core\\Shimanni.Trader.Core.csproj
		SccProjectTopLevelParentUniqueName9 = Trader.sln
		SccProjectName9 = Shimanni.Trader.Core
		SccLocalPath9 = Shimanni.Trader.Core
		SccProjectUniqueName10 = ..\\Common\\Shimanni.Common.Desktop\\Shimanni.Common.Desktop.csproj
		SccProjectTopLevelParentUniqueName10 = Trader.sln
		SccProjectName10 = ../Common/Shimanni.Common.Desktop
		SccLocalPath10 = ..\\Common\\Shimanni.Common.Desktop
	EndGlobalSection
	GlobalSection(SolutionConfigurationPlatforms) = preSolution
		Debug|Any CPU = Debug|Any CPU
		Release|Any CPU = Release|Any CPU
	EndGlobalSection
	GlobalSection(ProjectConfigurationPlatforms) = postSolution
		{B0AEAB93-29E1-4858-BBE4-47E5105DA3C6}.Debug|Any CPU.ActiveCfg = Debug|Any CPU
		{B0AEAB93-29E1-4858-BBE4-47E5105DA3C6}.Debug|Any CPU.Build.0 = Debug|Any CPU
		{B0AEAB93-29E1-4858-BBE4-47E5105DA3C6}.Release|Any CPU.ActiveCfg = Release|Any CPU
		{B0AEAB93-29E1-4858-BBE4-47E5105DA3C6}.Release|Any CPU.Build.0 = Release|Any CPU
		{90331311-9342-4343-9453-40E80A5296F4}.Debug|Any CPU.ActiveCfg = Debug|Any CPU
		{90331311-9342-4343-9453-40E80A5296F4}.Debug|Any CPU.Build.0 = Debug|Any CPU
		{90331311-9342-4343-9453-40E80A5296F4}.Release|Any CPU.ActiveCfg = Release|Any CPU
		{90331311-9342-4343-9453-40E80A5296F4}.Release|Any CPU.Build.0 = Release|Any CPU
		{98672E16-97B1-4204-86CC-EA0009CA15F4}.Debug|Any CPU.ActiveCfg = Debug|Any CPU
		{98672E16-97B1-4204-86CC-EA0009CA15F4}.Debug|Any CPU.Build.0 = Debug|Any CPU
		{98672E16-97B1-4204-86CC-EA0009CA15F4}.Release|Any CPU.ActiveCfg = Release|Any CPU
		{98672E16-97B1-4204-86CC-EA0009CA15F4}.Release|Any CPU.Build.0 = Release|Any CPU
		{9BF83B16-1ADE-40FC-8A55-DCFA0FB4D790}.Debug|Any CPU.ActiveCfg = Debug|Any CPU
		{9BF83B16-1ADE-40FC-8A55-DCFA0FB4D790}.Debug|Any CPU.Build.0 = Debug|Any CPU
		{9BF83B16-1ADE-40FC-8A55-DCFA0FB4D790}.Release|Any CPU.ActiveCfg = Release|Any CPU
		{9BF83B16-1ADE-40FC-8A55-DCFA0FB4D790}.Release|Any CPU.Build.0 = Release|Any CPU
		{0CB2E9B6-E811-499C-840C-AE582E8F714D}.Debug|Any CPU.ActiveCfg = Debug|Any CPU
		{0CB2E9B6-E811-499C-840C-AE582E8F714D}.Debug|Any CPU.Build.0 = Debug|Any CPU
		{0CB2E9B6-E811-499C-840C-AE582E8F714D}.Release|Any CPU.ActiveCfg = Release|Any CPU
		{0CB2E9B6-E811-499C-840C-AE582E8F714D}.Release|Any CPU.Build.0 = Release|Any CPU
		{EC058EF7-C3FB-49FD-BD9C-CC6AEA1FED3A}.Debug|Any CPU.ActiveCfg = Debug|Any CPU
		{EC058EF7-C3FB-49FD-BD9C-CC6AEA1FED3A}.Debug|Any CPU.Build.0 = Debug|Any CPU
		{EC058EF7-C3FB-49FD-BD9C-CC6AEA1FED3A}.Release|Any CPU.ActiveCfg = Release|Any CPU
		{EC058EF7-C3FB-49FD-BD9C-CC6AEA1FED3A}.Release|Any CPU.Build.0 = Release|Any CPU
		{DF94E6FC-D00D-4D01-8DDD-3609A9FEC5A6}.Debug|Any CPU.ActiveCfg = Debug|Any CPU
		{DF94E6FC-D00D-4D01-8DDD-3609A9FEC5A6}.Debug|Any CPU.Build.0 = Debug|Any CPU
		{DF94E6FC-D00D-4D01-8DDD-3609A9FEC5A6}.Release|Any CPU.ActiveCfg = Release|Any CPU
		{DF94E6FC-D00D-4D01-8DDD-3609A9FEC5A6}.Release|Any CPU.Build.0 = Release|Any CPU
		{CCEC5704-A361-45DC-A51F-FAF3839E5238}.Debug|Any CPU.ActiveCfg = Debug|Any CPU
		{CCEC5704-A361-45DC-A51F-FAF3839E5238}.Debug|Any CPU.Build.0 = Debug|Any CPU
		{CCEC5704-A361-45DC-A51F-FAF3839E5238}.Release|Any CPU.ActiveCfg = Release|Any CPU
		{CCEC5704-A361-45DC-A51F-FAF3839E5238}.Release|Any CPU.Build.0 = Release|Any CPU
		{E41657E1-753A-4A44-86E7-210E36AA9D34}.Debug|Any CPU.ActiveCfg = Debug|Any CPU
		{E41657E1-753A-4A44-86E7-210E36AA9D34}.Debug|Any CPU.Build.0 = Debug|Any CPU
		{E41657E1-753A-4A44-86E7-210E36AA9D34}.Release|Any CPU.ActiveCfg = Release|Any CPU
		{E41657E1-753A-4A44-86E7-210E36AA9D34}.Release|Any CPU.Build.0 = Release|Any CPU
		{E8E5727C-4A8B-4359-858B-AA0AF2FCBB06}.Debug|Any CPU.ActiveCfg = Debug|Any CPU
		{E8E5727C-4A8B-4359-858B-AA0AF2FCBB06}.Debug|Any CPU.Build.0 = Debug|Any CPU
		{E8E5727C-4A8B-4359-858B-AA0AF2FCBB06}.Release|Any CPU.ActiveCfg = Release|Any CPU
		{E8E5727C-4A8B-4359-858B-AA0AF2FCBB06}.Release|Any CPU.Build.0 = Release|Any CPU
	EndGlobalSection
	GlobalSection(SolutionProperties) = preSolution
		HideSolutionNode = FALSE
	EndGlobalSection
	GlobalSection(NestedProjects) = preSolution
		{426EA0E7-24A2-4A8D-A808-6DC6AB8DAED9} = {AF311287-3160-4422-8580-B996FA6DA44E}
		{D8DD1951-010A-4193-ABD9-0412B51BDAEA} = {AF311287-3160-4422-8580-B996FA6DA44E}
		{B0AEAB93-29E1-4858-BBE4-47E5105DA3C6} = {426EA0E7-24A2-4A8D-A808-6DC6AB8DAED9}
		{90331311-9342-4343-9453-40E80A5296F4} = {426EA0E7-24A2-4A8D-A808-6DC6AB8DAED9}
		{EC058EF7-C3FB-49FD-BD9C-CC6AEA1FED3A} = {426EA0E7-24A2-4A8D-A808-6DC6AB8DAED9}
		{DF94E6FC-D00D-4D01-8DDD-3609A9FEC5A6} = {426EA0E7-24A2-4A8D-A808-6DC6AB8DAED9}
		{CCEC5704-A361-45DC-A51F-FAF3839E5238} = {426EA0E7-24A2-4A8D-A808-6DC6AB8DAED9}
		{E41657E1-753A-4A44-86E7-210E36AA9D34} = {426EA0E7-24A2-4A8D-A808-6DC6AB8DAED9}
		{9BF83B16-1ADE-40FC-8A55-DCFA0FB4D790} = {D8DD1951-010A-4193-ABD9-0412B51BDAEA}
		{0CB2E9B6-E811-499C-840C-AE582E8F714D} = {D8DD1951-010A-4193-ABD9-0412B51BDAEA}
		{E8E5727C-4A8B-4359-858B-AA0AF2FCBB06} = {D8DD1951-010A-4193-ABD9-0412B51BDAEA}
		{DC34E2F2-DE61-46A8-AEDA-102FD47C0DF9} = {516424E6-31F7-4361-8CA4-CF7F3395675E}
		{98672E16-97B1-4204-86CC-EA0009CA15F4} = {DC34E2F2-DE61-46A8-AEDA-102FD47C0DF9}
	EndGlobalSection
EndGlobal
