
Microsoft Visual Studio Solution File, Format Version 10.00
# Visual Studio 2008
Project("{FAE04EC0-301F-11D3-BF4B-00C04F79EFBC}") = "Shimanni.Common", "Shimanni.Common\Shimanni.Common.csproj", "{9BF83B16-1ADE-40FC-8A55-DCFA0FB4D790}"
EndProject
Project("{FAE04EC0-301F-11D3-BF4B-00C04F79EFBC}") = "Shimanni.Common.Utils", "Shimanni.Common.Utils\Shimanni.Common.Utils.csproj", "{0CB2E9B6-E811-499C-840C-AE582E8F714D}"
EndProject
Global
	GlobalSection(TeamFoundationVersionControl) = preSolution
		SccNumberOfProjects = 3
		SccEnterpriseProvider = {4CA58AB2-18FA-4F8D-95D4-32DDF27D184C}
		SccTeamFoundationServer = http://74.63.34.26:8080/
		SccLocalPath0 = .
		SccProjectUniqueName1 = Shimanni.Common.Utils\\Shimanni.Common.Utils.csproj
		SccProjectName1 = Shimanni.Common.Utils
		SccLocalPath1 = Shimanni.Common.Utils
		SccProjectUniqueName2 = Shimanni.Common\\Shimanni.Common.csproj
		SccProjectName2 = Shimanni.Common
		SccLocalPath2 = Shimanni.Common
	EndGlobalSection
	GlobalSection(SolutionConfigurationPlatforms) = preSolution
		Debug|Any CPU = Debug|Any CPU
		Release|Any CPU = Release|Any CPU
	EndGlobalSection
	GlobalSection(ProjectConfigurationPlatforms) = postSolution
		{9BF83B16-1ADE-40FC-8A55-DCFA0FB4D790}.Debug|Any CPU.ActiveCfg = Debug|Any CPU
		{9BF83B16-1ADE-40FC-8A55-DCFA0FB4D790}.Debug|Any CPU.Build.0 = Debug|Any CPU
		{9BF83B16-1ADE-40FC-8A55-DCFA0FB4D790}.Release|Any CPU.ActiveCfg = Release|Any CPU
		{9BF83B16-1ADE-40FC-8A55-DCFA0FB4D790}.Release|Any CPU.Build.0 = Release|Any CPU
		{0CB2E9B6-E811-499C-840C-AE582E8F714D}.Debug|Any CPU.ActiveCfg = Debug|Any CPU
		{0CB2E9B6-E811-499C-840C-AE582E8F714D}.Debug|Any CPU.Build.0 = Debug|Any CPU
		{0CB2E9B6-E811-499C-840C-AE582E8F714D}.Release|Any CPU.ActiveCfg = Release|Any CPU
		{0CB2E9B6-E811-499C-840C-AE582E8F714D}.Release|Any CPU.Build.0 = Release|Any CPU
	EndGlobalSection
	GlobalSection(SolutionProperties) = preSolution
		HideSolutionNode = FALSE
	EndGlobalSection
EndGlobal
