
Microsoft Visual Studio Solution File, Format Version 10.00
# Visual Studio 2008
Project("{E24C65DC-7377-472B-9ABA-BC803B73C61A}") = "ContentManagement", "..\..\WebSites\ContentManagement\", "{824F7B49-A03D-467E-BDDD-927688F60EF1}"
	ProjectSection(WebsiteProperties) = preProject
		TargetFramework = "3.5"
		Debug.AspNetCompiler.VirtualPath = "/ContentManagement"
		Debug.AspNetCompiler.PhysicalPath = "..\..\WebSites\ContentManagement\"
		Debug.AspNetCompiler.TargetPath = "PrecompiledWeb\ContentManagement\"
		Debug.AspNetCompiler.Updateable = "true"
		Debug.AspNetCompiler.ForceOverwrite = "true"
		Debug.AspNetCompiler.FixedNames = "false"
		Debug.AspNetCompiler.Debug = "True"
		Release.AspNetCompiler.VirtualPath = "/ContentManagement"
		Release.AspNetCompiler.PhysicalPath = "..\..\WebSites\ContentManagement\"
		Release.AspNetCompiler.TargetPath = "PrecompiledWeb\ContentManagement\"
		Release.AspNetCompiler.Updateable = "true"
		Release.AspNetCompiler.ForceOverwrite = "true"
		Release.AspNetCompiler.FixedNames = "false"
		Release.AspNetCompiler.Debug = "False"
		VWDPort = "4280"
		DefaultWebSiteLanguage = "Visual C#"
	EndProjectSection
EndProject
Project("{FAE04EC0-301F-11D3-BF4B-00C04F79EFBC}") = "AJAXASMXHandler", "..\DropThings17-Sandbox\Dropthings-Src\AjaxAsmxHandler\AJAXASMXHandler.csproj", "{42190D98-86BA-44B5-8CFF-F62754029C61}"
EndProject
Project("{FAE04EC0-301F-11D3-BF4B-00C04F79EFBC}") = "CustomDragDrop", "..\DropThings17-Sandbox\Dropthings-Src\CustomDragDrop\CustomDragDrop.csproj", "{2528E045-5DA5-45BC-9FF9-9741C3DCBE89}"
EndProject
Project("{FAE04EC0-301F-11D3-BF4B-00C04F79EFBC}") = "DashboardBusiness", "..\DropThings17-Sandbox\Dropthings-Src\DashboardBusiness\DashboardBusiness.csproj", "{2FFE89D9-9C56-4CC4-9596-EDE26AAB6490}"
EndProject
Project("{FAE04EC0-301F-11D3-BF4B-00C04F79EFBC}") = "DashboardDataAccess", "..\DropThings17-Sandbox\Dropthings-Src\DashboardDataAccess\DashboardDataAccess.csproj", "{7464A2DC-FE3D-4798-9D26-4054DE8AF9B3}"
EndProject
Global
	GlobalSection(SolutionConfigurationPlatforms) = preSolution
		Debug|Any CPU = Debug|Any CPU
		Release|Any CPU = Release|Any CPU
	EndGlobalSection
	GlobalSection(ProjectConfigurationPlatforms) = postSolution
		{824F7B49-A03D-467E-BDDD-927688F60EF1}.Debug|Any CPU.ActiveCfg = Debug|Any CPU
		{824F7B49-A03D-467E-BDDD-927688F60EF1}.Debug|Any CPU.Build.0 = Debug|Any CPU
		{824F7B49-A03D-467E-BDDD-927688F60EF1}.Release|Any CPU.ActiveCfg = Debug|Any CPU
		{824F7B49-A03D-467E-BDDD-927688F60EF1}.Release|Any CPU.Build.0 = Debug|Any CPU
		{42190D98-86BA-44B5-8CFF-F62754029C61}.Debug|Any CPU.ActiveCfg = Debug|Any CPU
		{42190D98-86BA-44B5-8CFF-F62754029C61}.Debug|Any CPU.Build.0 = Debug|Any CPU
		{42190D98-86BA-44B5-8CFF-F62754029C61}.Release|Any CPU.ActiveCfg = Release|Any CPU
		{42190D98-86BA-44B5-8CFF-F62754029C61}.Release|Any CPU.Build.0 = Release|Any CPU
		{2528E045-5DA5-45BC-9FF9-9741C3DCBE89}.Debug|Any CPU.ActiveCfg = Debug|Any CPU
		{2528E045-5DA5-45BC-9FF9-9741C3DCBE89}.Debug|Any CPU.Build.0 = Debug|Any CPU
		{2528E045-5DA5-45BC-9FF9-9741C3DCBE89}.Release|Any CPU.ActiveCfg = Release|Any CPU
		{2528E045-5DA5-45BC-9FF9-9741C3DCBE89}.Release|Any CPU.Build.0 = Release|Any CPU
		{2FFE89D9-9C56-4CC4-9596-EDE26AAB6490}.Debug|Any CPU.ActiveCfg = Debug|Any CPU
		{2FFE89D9-9C56-4CC4-9596-EDE26AAB6490}.Debug|Any CPU.Build.0 = Debug|Any CPU
		{2FFE89D9-9C56-4CC4-9596-EDE26AAB6490}.Release|Any CPU.ActiveCfg = Release|Any CPU
		{2FFE89D9-9C56-4CC4-9596-EDE26AAB6490}.Release|Any CPU.Build.0 = Release|Any CPU
		{7464A2DC-FE3D-4798-9D26-4054DE8AF9B3}.Debug|Any CPU.ActiveCfg = Debug|Any CPU
		{7464A2DC-FE3D-4798-9D26-4054DE8AF9B3}.Debug|Any CPU.Build.0 = Debug|Any CPU
		{7464A2DC-FE3D-4798-9D26-4054DE8AF9B3}.Release|Any CPU.ActiveCfg = Release|Any CPU
		{7464A2DC-FE3D-4798-9D26-4054DE8AF9B3}.Release|Any CPU.Build.0 = Release|Any CPU
	EndGlobalSection
	GlobalSection(SolutionProperties) = preSolution
		HideSolutionNode = FALSE
	EndGlobalSection
EndGlobal
